PATH
  remote: ..
  specs:
    yabeda-graphql (0.2.3)
      graphql (>= 1.9, < 3)
      yabeda (~> 0.2)

GEM
  remote: https://rubygems.org/
  specs:
    anyway_config (2.6.3)
      ruby-next-core (~> 1.0)
    appraisal (2.5.0)
      bundler
      rake
      thor (>= 0.14.0)
    byebug (11.1.3)
    coderay (1.1.3)
    concurrent-ruby (1.2.3)
    diff-lcs (1.5.1)
    dry-initializer (3.1.1)
    graphql (2.2.8)
    graphql-batch (0.5.4)
      graphql (>= 1.12.18, < 3)
      promise.rb (~> 0.7.2)
    method_source (1.0.0)
    promise.rb (0.7.4)
    pry (0.14.2)
      coderay (~> 1.1)
      method_source (~> 1.0)
    pry-byebug (3.10.1)
      byebug (~> 11.0)
      pry (>= 0.13, < 0.15)
    pry-inline (1.0.7)
      pry (> 0.10.0)
      unicode (~> 0.4.4)
    rake (13.1.0)
    rspec (3.13.0)
      rspec-core (~> 3.13.0)
      rspec-expectations (~> 3.13.0)
      rspec-mocks (~> 3.13.0)
    rspec-core (3.13.0)
      rspec-support (~> 3.13.0)
    rspec-expectations (3.13.0)
      diff-lcs (>= 1.2.0, < 2.0)
      rspec-support (~> 3.13.0)
    rspec-mocks (3.13.0)
      diff-lcs (>= 1.2.0, < 2.0)
      rspec-support (~> 3.13.0)
    rspec-support (3.13.0)
    ruby-next-core (1.0.1)
    thor (1.3.0)
    unicode (0.4.4.4)
    yabeda (0.12.0)
      anyway_config (>= 1.0, < 3)
      concurrent-ruby
      dry-initializer

PLATFORMS
  ruby
  x86_64-linux

DEPENDENCIES
  appraisal
  bundler
  graphql (~> 2.2.0)
  graphql-batch
  pry
  pry-byebug
  pry-inline
  rake (~> 13.0)
  rspec (~> 3.0)
  yabeda-graphql!

BUNDLED WITH
   2.5.6
